
Microsoft Visual Studio Solution File, Format Version 12.00
# Visual Studio Version 16
VisualStudioVersion = 16.0.29709.97
MinimumVisualStudioVersion = 10.0.40219.1
Project("{FAE04EC0-301F-11D3-BF4B-00C04F79EFBC}") = "age_of_villagers", "age_of_villagers.csproj", "{56D757A9-4496-449F-A48C-8161D78F0DB1}"
EndProject
Project("{FAE04EC0-301F-11D3-BF4B-00C04F79EFBC}") = "age_of_villagers_Test1", "..\age_of_villagers_Test1\age_of_villagers_Test1.csproj", "{8D5A1A75-7E15-4DBF-B3F0-F3B90D4090B3}"
	ProjectSection(ProjectDependencies) = postProject
		{56D757A9-4496-449F-A48C-8161D78F0DB1} = {56D757A9-4496-449F-A48C-8161D78F0DB1}
	EndProjectSection
EndProject
Global
	GlobalSection(SolutionConfigurationPlatforms) = preSolution
		Debug|Any CPU = Debug|Any CPU
		Release|Any CPU = Release|Any CPU
	EndGlobalSection
	GlobalSection(ProjectConfigurationPlatforms) = postSolution
		{56D757A9-4496-449F-A48C-8161D78F0DB1}.Debug|Any CPU.ActiveCfg = Debug|Any CPU
		{56D757A9-4496-449F-A48C-8161D78F0DB1}.Debug|Any CPU.Build.0 = Debug|Any CPU
		{56D757A9-4496-449F-A48C-8161D78F0DB1}.Release|Any CPU.ActiveCfg = Release|Any CPU
		{56D757A9-4496-449F-A48C-8161D78F0DB1}.Release|Any CPU.Build.0 = Release|Any CPU
		{8D5A1A75-7E15-4DBF-B3F0-F3B90D4090B3}.Debug|Any CPU.ActiveCfg = Debug|Any CPU
		{8D5A1A75-7E15-4DBF-B3F0-F3B90D4090B3}.Debug|Any CPU.Build.0 = Debug|Any CPU
		{8D5A1A75-7E15-4DBF-B3F0-F3B90D4090B3}.Release|Any CPU.ActiveCfg = Release|Any CPU
		{8D5A1A75-7E15-4DBF-B3F0-F3B90D4090B3}.Release|Any CPU.Build.0 = Release|Any CPU
	EndGlobalSection
	GlobalSection(SolutionProperties) = preSolution
		HideSolutionNode = FALSE
	EndGlobalSection
	GlobalSection(ExtensibilityGlobals) = postSolution
		SolutionGuid = {118DE034-A597-46C6-AD15-EF50D14FC543}
	EndGlobalSection
EndGlobal
